
Microsoft Visual Studio Solution File, Format Version 12.00
# Visual Studio Version 16
VisualStudioVersion = 16.0.29409.12
MinimumVisualStudioVersion = 10.0.40219.1
Project("{9A19103F-16F7-4668-BE54-9A1E7A4F7556}") = "Test1", "Test1\Test1.csproj", "{10D6748A-F6B8-4A04-8851-FC43EF872E88}"
EndProject
Project("{FAE04EC0-301F-11D3-BF4B-00C04F79EFBC}") = "Тест1", "Тест1\Тест1.csproj", "{D26C6FBA-2154-4802-8C92-6CCB5014F05E}"
EndProject
Global
	GlobalSection(SolutionConfigurationPlatforms) = preSolution
		Debug|Any CPU = Debug|Any CPU
		Release|Any CPU = Release|Any CPU
	EndGlobalSection
	GlobalSection(ProjectConfigurationPlatforms) = postSolution
		{10D6748A-F6B8-4A04-8851-FC43EF872E88}.Debug|Any CPU.ActiveCfg = Debug|Any CPU
		{10D6748A-F6B8-4A04-8851-FC43EF872E88}.Debug|Any CPU.Build.0 = Debug|Any CPU
		{10D6748A-F6B8-4A04-8851-FC43EF872E88}.Release|Any CPU.ActiveCfg = Release|Any CPU
		{10D6748A-F6B8-4A04-8851-FC43EF872E88}.Release|Any CPU.Build.0 = Release|Any CPU
		{D26C6FBA-2154-4802-8C92-6CCB5014F05E}.Debug|Any CPU.ActiveCfg = Debug|Any CPU
		{D26C6FBA-2154-4802-8C92-6CCB5014F05E}.Debug|Any CPU.Build.0 = Debug|Any CPU
		{D26C6FBA-2154-4802-8C92-6CCB5014F05E}.Release|Any CPU.ActiveCfg = Release|Any CPU
		{D26C6FBA-2154-4802-8C92-6CCB5014F05E}.Release|Any CPU.Build.0 = Release|Any CPU
	EndGlobalSection
	GlobalSection(SolutionProperties) = preSolution
		HideSolutionNode = FALSE
	EndGlobalSection
	GlobalSection(ExtensibilityGlobals) = postSolution
		SolutionGuid = {60302F05-32D9-4358-B6D1-EAAA2DA00F1E}
	EndGlobalSection
EndGlobal
